{
    "_readme": [
        "This file locks the dependencies of your project to a known state",
        "Read more about it at https://getcomposer.org/doc/01-basic-usage.md#composer-lock-the-lock-file",
        "This file is @generated automatically"
    ],
    "hash": "61bad38be91c5a1556d4cc91afbbe40b",
    "content-hash": "c0be7cdc5ff5c815388696e222440494",
    "packages": [
        {
            "name": "jdesrosiers/silex-swagger-provider",
            "version": "v1.2.0",
            "source": {
                "type": "git",
                "url": "https://github.com/jdesrosiers/silex-swagger-provider.git",
                "reference": "cfc7762f3326c1092653506d33fd6a7263ef5217"
            },
            "dist": {
                "type": "zip",
                "url": "https://api.github.com/repos/jdesrosiers/silex-swagger-provider/zipball/cfc7762f3326c1092653506d33fd6a7263ef5217",
                "reference": "cfc7762f3326c1092653506d33fd6a7263ef5217",
                "shasum": ""
            },
            "require": {
                "silex/silex": "~1.0",
                "zircote/swagger-php": "~0.8,<0.10.0"
            },
            "require-dev": {
                "phpunit/phpunit": "3.7.*",
                "symfony/browser-kit": "2.3.*"
            },
            "type": "library",
            "autoload": {
                "psr-0": {
                    "JDesrosiers": "src/"
                }
            },
            "notification-url": "https://packagist.org/downloads/",
            "license": [
                "MIT"
            ],
            "authors": [
                {
                    "name": "Jason Desrosiers",
                    "email": "jdesrosi@gmail.com"
                }
            ],
            "description": "A silex service provider that integrates swagger-php into silex",
            "keywords": [
                "provider",
                "service",
                "silex",
                "swagger",
                "swagger-ui"
            ],
            "time": "2014-02-08 05:08:21"
        },
        {
            "name": "zircote/swagger-php",
            "version": "0.9.6",
            "source": {
                "type": "git",
                "url": "https://github.com/zircote/swagger-php.git",
                "reference": "4ba5d73eeb068dc590162ea367ef94853011bb36"
            },
            "dist": {
                "type": "zip",
                "url": "https://api.github.com/repos/zircote/swagger-php/zipball/4ba5d73eeb068dc590162ea367ef94853011bb36",
                "reference": "4ba5d73eeb068dc590162ea367ef94853011bb36",
                "shasum": ""
            },
            "require": {
                "doctrine/annotations": "*",
                "php": ">=5.3.3"
            },
            "require-dev": {
                "symfony/finder": "*",
                "symfony/process": "*"
            },
            "bin": [
                "bin/swagger"
            ],
            "type": "library",
            "autoload": {
                "psr-0": {
                    "Swagger": "library"
                }
            },
            "notification-url": "https://packagist.org/downloads/",
            "license": [
                "Apache2"
            ],
            "authors": [
                {
                    "name": "Robert Allen",
                    "email": "zircote@gmail.com",
                    "homepage": "http://www.zircote.com"
                },
                {
                    "name": "Bob Fanger",
                    "email": "bfanger@gmail.com",
                    "homepage": "http://bfanger.nl"
                }
            ],
            "description": "Swagger-PHP library implementing the swagger.wordnik.com specification to describe web services, operations/actions and models enabling a uniform means of producing, consuming, and visualizing RESTful web services.",
            "homepage": "https://github.com/zircote/swagger-php/",
            "keywords": [
                "api",
                "json",
                "service discovery"
            ],
            "time": "2014-10-11 11:14:09"
        }
    ],
    "packages-dev": [],
    "aliases": [],
    "minimum-stability": "stable",
    "stability-flags": [],
    "prefer-stable": false,
    "prefer-lowest": false,
    "platform": [],
    "platform-dev": []
}
